
Microsoft Visual Studio Solution File, Format Version 12.00
# Visual Studio 15
VisualStudioVersion = 15.0.28307.136
MinimumVisualStudioVersion = 10.0.40219.1
Project("{6EC3EE1D-3C4E-46DD-8F32-0CC8E7565705}") = "Day01", "Day01\Day01.fsproj", "{E27EE555-C37A-405B-8861-9E21A339F7DD}"
EndProject
Project("{6EC3EE1D-3C4E-46DD-8F32-0CC8E7565705}") = "Day02", "Day02\Day02.fsproj", "{CD31A08C-AE2F-4EBA-8DA8-DFDFF160314D}"
EndProject
Project("{F2A71F9B-5D33-465A-A702-920D77279786}") = "Day03", "Day03\Day03.fsproj", "{8D7E9604-235A-4ABC-8C4E-4455783D4EC5}"
EndProject
Global
	GlobalSection(SolutionConfigurationPlatforms) = preSolution
		Debug|Any CPU = Debug|Any CPU
		Release|Any CPU = Release|Any CPU
	EndGlobalSection
	GlobalSection(ProjectConfigurationPlatforms) = postSolution
		{E27EE555-C37A-405B-8861-9E21A339F7DD}.Debug|Any CPU.ActiveCfg = Debug|Any CPU
		{E27EE555-C37A-405B-8861-9E21A339F7DD}.Debug|Any CPU.Build.0 = Debug|Any CPU
		{E27EE555-C37A-405B-8861-9E21A339F7DD}.Release|Any CPU.ActiveCfg = Release|Any CPU
		{E27EE555-C37A-405B-8861-9E21A339F7DD}.Release|Any CPU.Build.0 = Release|Any CPU
		{CD31A08C-AE2F-4EBA-8DA8-DFDFF160314D}.Debug|Any CPU.ActiveCfg = Debug|Any CPU
		{CD31A08C-AE2F-4EBA-8DA8-DFDFF160314D}.Debug|Any CPU.Build.0 = Debug|Any CPU
		{CD31A08C-AE2F-4EBA-8DA8-DFDFF160314D}.Release|Any CPU.ActiveCfg = Release|Any CPU
		{CD31A08C-AE2F-4EBA-8DA8-DFDFF160314D}.Release|Any CPU.Build.0 = Release|Any CPU
		{8D7E9604-235A-4ABC-8C4E-4455783D4EC5}.Debug|Any CPU.ActiveCfg = Debug|Any CPU
		{8D7E9604-235A-4ABC-8C4E-4455783D4EC5}.Debug|Any CPU.Build.0 = Debug|Any CPU
		{8D7E9604-235A-4ABC-8C4E-4455783D4EC5}.Release|Any CPU.ActiveCfg = Release|Any CPU
		{8D7E9604-235A-4ABC-8C4E-4455783D4EC5}.Release|Any CPU.Build.0 = Release|Any CPU
	EndGlobalSection
	GlobalSection(SolutionProperties) = preSolution
		HideSolutionNode = FALSE
	EndGlobalSection
	GlobalSection(ExtensibilityGlobals) = postSolution
		SolutionGuid = {8E7DBFD3-E952-46C4-BADA-0F0DAB7273B6}
	EndGlobalSection
EndGlobal
