
Microsoft Visual Studio Solution File, Format Version 12.00
# Visual Studio Version 16
VisualStudioVersion = 16.0.29509.3
MinimumVisualStudioVersion = 10.0.40219.1
Project("{F2A71F9B-5D33-465A-A702-920D77279786}") = "Day01", "Day01\Day01.fsproj", "{3F3D9BC4-C94F-4A48-926F-1A4D9039BD58}"
EndProject
Project("{F2A71F9B-5D33-465A-A702-920D77279786}") = "Day01.Test", "Day01.Test\Day01.Test.fsproj", "{2DD3FA9F-EEA1-40BA-AEE2-FE42EB771A50}"
EndProject
Global
	GlobalSection(SolutionConfigurationPlatforms) = preSolution
		Debug|Any CPU = Debug|Any CPU
		Release|Any CPU = Release|Any CPU
	EndGlobalSection
	GlobalSection(ProjectConfigurationPlatforms) = postSolution
		{3F3D9BC4-C94F-4A48-926F-1A4D9039BD58}.Debug|Any CPU.ActiveCfg = Debug|Any CPU
		{3F3D9BC4-C94F-4A48-926F-1A4D9039BD58}.Debug|Any CPU.Build.0 = Debug|Any CPU
		{3F3D9BC4-C94F-4A48-926F-1A4D9039BD58}.Release|Any CPU.ActiveCfg = Release|Any CPU
		{3F3D9BC4-C94F-4A48-926F-1A4D9039BD58}.Release|Any CPU.Build.0 = Release|Any CPU
		{2DD3FA9F-EEA1-40BA-AEE2-FE42EB771A50}.Debug|Any CPU.ActiveCfg = Debug|Any CPU
		{2DD3FA9F-EEA1-40BA-AEE2-FE42EB771A50}.Debug|Any CPU.Build.0 = Debug|Any CPU
		{2DD3FA9F-EEA1-40BA-AEE2-FE42EB771A50}.Release|Any CPU.ActiveCfg = Release|Any CPU
		{2DD3FA9F-EEA1-40BA-AEE2-FE42EB771A50}.Release|Any CPU.Build.0 = Release|Any CPU
	EndGlobalSection
	GlobalSection(SolutionProperties) = preSolution
		HideSolutionNode = FALSE
	EndGlobalSection
	GlobalSection(ExtensibilityGlobals) = postSolution
		SolutionGuid = {9A0B860D-F9C1-4F74-B00B-E12AF744E7D7}
	EndGlobalSection
EndGlobal
