
Microsoft Visual Studio Solution File, Format Version 12.00
# Visual Studio Version 16
VisualStudioVersion = 16.0.29509.3
MinimumVisualStudioVersion = 10.0.40219.1
Project("{6EC3EE1D-3C4E-46DD-8F32-0CC8E7565705}") = "Day01", "Day01\Day01.fsproj", "{3F3D9BC4-C94F-4A48-926F-1A4D9039BD58}"
EndProject
Project("{6EC3EE1D-3C4E-46DD-8F32-0CC8E7565705}") = "Day01.Test", "Day01.Test\Day01.Test.fsproj", "{2DD3FA9F-EEA1-40BA-AEE2-FE42EB771A50}"
EndProject
Project("{6EC3EE1D-3C4E-46DD-8F32-0CC8E7565705}") = "Day02", "Day02\Day02.fsproj", "{FA5D07C5-2FFB-4521-8BBB-5611A188A056}"
EndProject
Project("{6EC3EE1D-3C4E-46DD-8F32-0CC8E7565705}") = "Day02.Test", "Day02.Test\Day02.Test.fsproj", "{51D8F2D3-7D6F-4202-8E43-501411055465}"
EndProject
Project("{6EC3EE1D-3C4E-46DD-8F32-0CC8E7565705}") = "Day03", "Day03\Day03.fsproj", "{B1782489-1D14-413F-8E13-25FD7DD149C9}"
EndProject
Project("{6EC3EE1D-3C4E-46DD-8F32-0CC8E7565705}") = "Day03.Test", "Day03.Test\Day03.Test.fsproj", "{5A2002FA-3F83-4171-A380-BC409E78919A}"
EndProject
Project("{6EC3EE1D-3C4E-46DD-8F32-0CC8E7565705}") = "Day04", "Day04\Day04.fsproj", "{CF003814-1181-47FD-ABFA-FFB1908DA6FE}"
EndProject
Project("{6EC3EE1D-3C4E-46DD-8F32-0CC8E7565705}") = "Day04.Test", "Day04.Test\Day04.Test.fsproj", "{F598AD41-DC5F-4BD3-8356-B34B7AA3CED0}"
EndProject
Project("{6EC3EE1D-3C4E-46DD-8F32-0CC8E7565705}") = "Day05", "Day05\Day05.fsproj", "{C805C894-CF87-4A5A-A75A-40D58DFEB35E}"
EndProject
Project("{6EC3EE1D-3C4E-46DD-8F32-0CC8E7565705}") = "Day05.Test", "Day05.Test\Day05.Test.fsproj", "{27B7ADC4-7A41-4FAB-8C50-ADDF14E43578}"
EndProject
Project("{F2A71F9B-5D33-465A-A702-920D77279786}") = "Day06", "Day06\Day06.fsproj", "{8D77D15D-7A4F-44BA-A242-C086BD5C3675}"
EndProject
Project("{F2A71F9B-5D33-465A-A702-920D77279786}") = "Day06.Test", "Day06.Test\Day06.Test.fsproj", "{F6DE144B-D54E-4D24-B53F-E3B15AF28848}"
EndProject
Global
	GlobalSection(SolutionConfigurationPlatforms) = preSolution
		Debug|Any CPU = Debug|Any CPU
		Release|Any CPU = Release|Any CPU
	EndGlobalSection
	GlobalSection(ProjectConfigurationPlatforms) = postSolution
		{3F3D9BC4-C94F-4A48-926F-1A4D9039BD58}.Debug|Any CPU.ActiveCfg = Debug|Any CPU
		{3F3D9BC4-C94F-4A48-926F-1A4D9039BD58}.Debug|Any CPU.Build.0 = Debug|Any CPU
		{3F3D9BC4-C94F-4A48-926F-1A4D9039BD58}.Release|Any CPU.ActiveCfg = Release|Any CPU
		{3F3D9BC4-C94F-4A48-926F-1A4D9039BD58}.Release|Any CPU.Build.0 = Release|Any CPU
		{2DD3FA9F-EEA1-40BA-AEE2-FE42EB771A50}.Debug|Any CPU.ActiveCfg = Debug|Any CPU
		{2DD3FA9F-EEA1-40BA-AEE2-FE42EB771A50}.Debug|Any CPU.Build.0 = Debug|Any CPU
		{2DD3FA9F-EEA1-40BA-AEE2-FE42EB771A50}.Release|Any CPU.ActiveCfg = Release|Any CPU
		{2DD3FA9F-EEA1-40BA-AEE2-FE42EB771A50}.Release|Any CPU.Build.0 = Release|Any CPU
		{FA5D07C5-2FFB-4521-8BBB-5611A188A056}.Debug|Any CPU.ActiveCfg = Debug|Any CPU
		{FA5D07C5-2FFB-4521-8BBB-5611A188A056}.Debug|Any CPU.Build.0 = Debug|Any CPU
		{FA5D07C5-2FFB-4521-8BBB-5611A188A056}.Release|Any CPU.ActiveCfg = Release|Any CPU
		{FA5D07C5-2FFB-4521-8BBB-5611A188A056}.Release|Any CPU.Build.0 = Release|Any CPU
		{51D8F2D3-7D6F-4202-8E43-501411055465}.Debug|Any CPU.ActiveCfg = Debug|Any CPU
		{51D8F2D3-7D6F-4202-8E43-501411055465}.Debug|Any CPU.Build.0 = Debug|Any CPU
		{51D8F2D3-7D6F-4202-8E43-501411055465}.Release|Any CPU.ActiveCfg = Release|Any CPU
		{51D8F2D3-7D6F-4202-8E43-501411055465}.Release|Any CPU.Build.0 = Release|Any CPU
		{B1782489-1D14-413F-8E13-25FD7DD149C9}.Debug|Any CPU.ActiveCfg = Debug|Any CPU
		{B1782489-1D14-413F-8E13-25FD7DD149C9}.Debug|Any CPU.Build.0 = Debug|Any CPU
		{B1782489-1D14-413F-8E13-25FD7DD149C9}.Release|Any CPU.ActiveCfg = Release|Any CPU
		{B1782489-1D14-413F-8E13-25FD7DD149C9}.Release|Any CPU.Build.0 = Release|Any CPU
		{5A2002FA-3F83-4171-A380-BC409E78919A}.Debug|Any CPU.ActiveCfg = Debug|Any CPU
		{5A2002FA-3F83-4171-A380-BC409E78919A}.Debug|Any CPU.Build.0 = Debug|Any CPU
		{5A2002FA-3F83-4171-A380-BC409E78919A}.Release|Any CPU.ActiveCfg = Release|Any CPU
		{5A2002FA-3F83-4171-A380-BC409E78919A}.Release|Any CPU.Build.0 = Release|Any CPU
		{CF003814-1181-47FD-ABFA-FFB1908DA6FE}.Debug|Any CPU.ActiveCfg = Debug|Any CPU
		{CF003814-1181-47FD-ABFA-FFB1908DA6FE}.Debug|Any CPU.Build.0 = Debug|Any CPU
		{CF003814-1181-47FD-ABFA-FFB1908DA6FE}.Release|Any CPU.ActiveCfg = Release|Any CPU
		{CF003814-1181-47FD-ABFA-FFB1908DA6FE}.Release|Any CPU.Build.0 = Release|Any CPU
		{F598AD41-DC5F-4BD3-8356-B34B7AA3CED0}.Debug|Any CPU.ActiveCfg = Debug|Any CPU
		{F598AD41-DC5F-4BD3-8356-B34B7AA3CED0}.Debug|Any CPU.Build.0 = Debug|Any CPU
		{F598AD41-DC5F-4BD3-8356-B34B7AA3CED0}.Release|Any CPU.ActiveCfg = Release|Any CPU
		{F598AD41-DC5F-4BD3-8356-B34B7AA3CED0}.Release|Any CPU.Build.0 = Release|Any CPU
		{C805C894-CF87-4A5A-A75A-40D58DFEB35E}.Debug|Any CPU.ActiveCfg = Debug|Any CPU
		{C805C894-CF87-4A5A-A75A-40D58DFEB35E}.Debug|Any CPU.Build.0 = Debug|Any CPU
		{C805C894-CF87-4A5A-A75A-40D58DFEB35E}.Release|Any CPU.ActiveCfg = Release|Any CPU
		{C805C894-CF87-4A5A-A75A-40D58DFEB35E}.Release|Any CPU.Build.0 = Release|Any CPU
		{27B7ADC4-7A41-4FAB-8C50-ADDF14E43578}.Debug|Any CPU.ActiveCfg = Debug|Any CPU
		{27B7ADC4-7A41-4FAB-8C50-ADDF14E43578}.Debug|Any CPU.Build.0 = Debug|Any CPU
		{27B7ADC4-7A41-4FAB-8C50-ADDF14E43578}.Release|Any CPU.ActiveCfg = Release|Any CPU
		{27B7ADC4-7A41-4FAB-8C50-ADDF14E43578}.Release|Any CPU.Build.0 = Release|Any CPU
		{8D77D15D-7A4F-44BA-A242-C086BD5C3675}.Debug|Any CPU.ActiveCfg = Debug|Any CPU
		{8D77D15D-7A4F-44BA-A242-C086BD5C3675}.Debug|Any CPU.Build.0 = Debug|Any CPU
		{8D77D15D-7A4F-44BA-A242-C086BD5C3675}.Release|Any CPU.ActiveCfg = Release|Any CPU
		{8D77D15D-7A4F-44BA-A242-C086BD5C3675}.Release|Any CPU.Build.0 = Release|Any CPU
		{F6DE144B-D54E-4D24-B53F-E3B15AF28848}.Debug|Any CPU.ActiveCfg = Debug|Any CPU
		{F6DE144B-D54E-4D24-B53F-E3B15AF28848}.Debug|Any CPU.Build.0 = Debug|Any CPU
		{F6DE144B-D54E-4D24-B53F-E3B15AF28848}.Release|Any CPU.ActiveCfg = Release|Any CPU
		{F6DE144B-D54E-4D24-B53F-E3B15AF28848}.Release|Any CPU.Build.0 = Release|Any CPU
	EndGlobalSection
	GlobalSection(SolutionProperties) = preSolution
		HideSolutionNode = FALSE
	EndGlobalSection
	GlobalSection(ExtensibilityGlobals) = postSolution
		SolutionGuid = {9A0B860D-F9C1-4F74-B00B-E12AF744E7D7}
	EndGlobalSection
EndGlobal
