
Microsoft Visual Studio Solution File, Format Version 12.00
# Visual Studio Version 16
VisualStudioVersion = 16.0.30717.126
MinimumVisualStudioVersion = 10.0.40219.1
Project("{6EC3EE1D-3C4E-46DD-8F32-0CC8E7565705}") = "Day01", "Day01\Day01.fsproj", "{08212A3D-80E8-4E5C-94BC-9D9073BEA100}"
EndProject
Project("{6EC3EE1D-3C4E-46DD-8F32-0CC8E7565705}") = "Day01.Test", "Day01.Test\Day01.Test.fsproj", "{6878A4A2-8C08-4E37-A35A-82D332471B35}"
EndProject
Project("{6EC3EE1D-3C4E-46DD-8F32-0CC8E7565705}") = "Day02.Test", "Day02.Test\Day02.Test.fsproj", "{991077D7-C939-4EE0-B4AB-35EA6352D47A}"
EndProject
Project("{6EC3EE1D-3C4E-46DD-8F32-0CC8E7565705}") = "Day02", "Day02\Day02.fsproj", "{8BF1A54A-4628-4990-84BA-9D8E09596F33}"
EndProject
Project("{6EC3EE1D-3C4E-46DD-8F32-0CC8E7565705}") = "Day03", "Day03\Day03.fsproj", "{BEB28531-BE6F-49B1-9BB1-A23BDA27BBE9}"
EndProject
Project("{6EC3EE1D-3C4E-46DD-8F32-0CC8E7565705}") = "AdventOfCode.Utilities", "AdventOfCode.Utilities\AdventOfCode.Utilities.fsproj", "{51658319-DC30-42A7-AF29-F748392CB7F8}"
EndProject
Project("{6EC3EE1D-3C4E-46DD-8F32-0CC8E7565705}") = "Day03.Test", "Day03.Test\Day03.Test.fsproj", "{8A04CF13-077F-404C-AF8A-0BF38EA26C57}"
EndProject
Project("{6EC3EE1D-3C4E-46DD-8F32-0CC8E7565705}") = "AdventOfCode.Utilities.Test", "AdventOfCode.Utilities.Test\AdventOfCode.Utilities.Test.fsproj", "{22473AF1-74EB-4B5A-B2D9-374F16A4309E}"
EndProject
Project("{6EC3EE1D-3C4E-46DD-8F32-0CC8E7565705}") = "Day04", "Day04\Day04.fsproj", "{1F091675-E26C-4292-84D7-7E75A50477FA}"
EndProject
Project("{6EC3EE1D-3C4E-46DD-8F32-0CC8E7565705}") = "Day04.Test", "Day04.Test\Day04.Test.fsproj", "{45EF5BD3-ABE0-4D45-A519-ECBA374693D0}"
EndProject
Project("{6EC3EE1D-3C4E-46DD-8F32-0CC8E7565705}") = "Day05", "Day05\Day05.fsproj", "{1B535162-62B2-4057-9692-EFC5ACE59AD9}"
EndProject
Project("{6EC3EE1D-3C4E-46DD-8F32-0CC8E7565705}") = "Day05.Test", "Day05.Test\Day05.Test.fsproj", "{9EF7BF86-3AD3-41F7-8412-F7660C952808}"
EndProject
Project("{6EC3EE1D-3C4E-46DD-8F32-0CC8E7565705}") = "Day06", "Day06\Day06.fsproj", "{F78B7700-7F50-4F21-ABBC-AEBCC1954C4E}"
EndProject
Project("{6EC3EE1D-3C4E-46DD-8F32-0CC8E7565705}") = "Day06.Test", "Day06.Test\Day06.Test.fsproj", "{641CC82C-467F-4277-B9D4-10F133F913E9}"
EndProject
Project("{6EC3EE1D-3C4E-46DD-8F32-0CC8E7565705}") = "Day07", "Day07\Day07.fsproj", "{CD592641-8B9D-4191-A61E-2E4404BCAA8C}"
EndProject
Project("{6EC3EE1D-3C4E-46DD-8F32-0CC8E7565705}") = "Day07.Test", "Day07.Test\Day07.Test.fsproj", "{1CB1C74E-0EFA-465C-8E3C-DDB7C1EB6A24}"
EndProject
Project("{6EC3EE1D-3C4E-46DD-8F32-0CC8E7565705}") = "Day08", "Day08\Day08.fsproj", "{C8F6D56D-D169-4A73-8B26-278939C85793}"
EndProject
Project("{6EC3EE1D-3C4E-46DD-8F32-0CC8E7565705}") = "Day08.Test", "Day08.Test\Day08.Test.fsproj", "{9FC1A5E8-81A5-4392-BBA2-BC0B4C38D108}"
EndProject
Global
	GlobalSection(SolutionConfigurationPlatforms) = preSolution
		Debug|Any CPU = Debug|Any CPU
		Release|Any CPU = Release|Any CPU
	EndGlobalSection
	GlobalSection(ProjectConfigurationPlatforms) = postSolution
		{08212A3D-80E8-4E5C-94BC-9D9073BEA100}.Debug|Any CPU.ActiveCfg = Debug|Any CPU
		{08212A3D-80E8-4E5C-94BC-9D9073BEA100}.Debug|Any CPU.Build.0 = Debug|Any CPU
		{08212A3D-80E8-4E5C-94BC-9D9073BEA100}.Release|Any CPU.ActiveCfg = Release|Any CPU
		{08212A3D-80E8-4E5C-94BC-9D9073BEA100}.Release|Any CPU.Build.0 = Release|Any CPU
		{6878A4A2-8C08-4E37-A35A-82D332471B35}.Debug|Any CPU.ActiveCfg = Debug|Any CPU
		{6878A4A2-8C08-4E37-A35A-82D332471B35}.Debug|Any CPU.Build.0 = Debug|Any CPU
		{6878A4A2-8C08-4E37-A35A-82D332471B35}.Release|Any CPU.ActiveCfg = Release|Any CPU
		{6878A4A2-8C08-4E37-A35A-82D332471B35}.Release|Any CPU.Build.0 = Release|Any CPU
		{991077D7-C939-4EE0-B4AB-35EA6352D47A}.Debug|Any CPU.ActiveCfg = Debug|Any CPU
		{991077D7-C939-4EE0-B4AB-35EA6352D47A}.Debug|Any CPU.Build.0 = Debug|Any CPU
		{991077D7-C939-4EE0-B4AB-35EA6352D47A}.Release|Any CPU.ActiveCfg = Release|Any CPU
		{991077D7-C939-4EE0-B4AB-35EA6352D47A}.Release|Any CPU.Build.0 = Release|Any CPU
		{8BF1A54A-4628-4990-84BA-9D8E09596F33}.Debug|Any CPU.ActiveCfg = Debug|Any CPU
		{8BF1A54A-4628-4990-84BA-9D8E09596F33}.Debug|Any CPU.Build.0 = Debug|Any CPU
		{8BF1A54A-4628-4990-84BA-9D8E09596F33}.Release|Any CPU.ActiveCfg = Release|Any CPU
		{8BF1A54A-4628-4990-84BA-9D8E09596F33}.Release|Any CPU.Build.0 = Release|Any CPU
		{BEB28531-BE6F-49B1-9BB1-A23BDA27BBE9}.Debug|Any CPU.ActiveCfg = Debug|Any CPU
		{BEB28531-BE6F-49B1-9BB1-A23BDA27BBE9}.Debug|Any CPU.Build.0 = Debug|Any CPU
		{BEB28531-BE6F-49B1-9BB1-A23BDA27BBE9}.Release|Any CPU.ActiveCfg = Release|Any CPU
		{BEB28531-BE6F-49B1-9BB1-A23BDA27BBE9}.Release|Any CPU.Build.0 = Release|Any CPU
		{51658319-DC30-42A7-AF29-F748392CB7F8}.Debug|Any CPU.ActiveCfg = Debug|Any CPU
		{51658319-DC30-42A7-AF29-F748392CB7F8}.Debug|Any CPU.Build.0 = Debug|Any CPU
		{51658319-DC30-42A7-AF29-F748392CB7F8}.Release|Any CPU.ActiveCfg = Release|Any CPU
		{51658319-DC30-42A7-AF29-F748392CB7F8}.Release|Any CPU.Build.0 = Release|Any CPU
		{8A04CF13-077F-404C-AF8A-0BF38EA26C57}.Debug|Any CPU.ActiveCfg = Debug|Any CPU
		{8A04CF13-077F-404C-AF8A-0BF38EA26C57}.Debug|Any CPU.Build.0 = Debug|Any CPU
		{8A04CF13-077F-404C-AF8A-0BF38EA26C57}.Release|Any CPU.ActiveCfg = Release|Any CPU
		{8A04CF13-077F-404C-AF8A-0BF38EA26C57}.Release|Any CPU.Build.0 = Release|Any CPU
		{22473AF1-74EB-4B5A-B2D9-374F16A4309E}.Debug|Any CPU.ActiveCfg = Debug|Any CPU
		{22473AF1-74EB-4B5A-B2D9-374F16A4309E}.Debug|Any CPU.Build.0 = Debug|Any CPU
		{22473AF1-74EB-4B5A-B2D9-374F16A4309E}.Release|Any CPU.ActiveCfg = Release|Any CPU
		{22473AF1-74EB-4B5A-B2D9-374F16A4309E}.Release|Any CPU.Build.0 = Release|Any CPU
		{1F091675-E26C-4292-84D7-7E75A50477FA}.Debug|Any CPU.ActiveCfg = Debug|Any CPU
		{1F091675-E26C-4292-84D7-7E75A50477FA}.Debug|Any CPU.Build.0 = Debug|Any CPU
		{1F091675-E26C-4292-84D7-7E75A50477FA}.Release|Any CPU.ActiveCfg = Release|Any CPU
		{1F091675-E26C-4292-84D7-7E75A50477FA}.Release|Any CPU.Build.0 = Release|Any CPU
		{45EF5BD3-ABE0-4D45-A519-ECBA374693D0}.Debug|Any CPU.ActiveCfg = Debug|Any CPU
		{45EF5BD3-ABE0-4D45-A519-ECBA374693D0}.Debug|Any CPU.Build.0 = Debug|Any CPU
		{45EF5BD3-ABE0-4D45-A519-ECBA374693D0}.Release|Any CPU.ActiveCfg = Release|Any CPU
		{45EF5BD3-ABE0-4D45-A519-ECBA374693D0}.Release|Any CPU.Build.0 = Release|Any CPU
		{1B535162-62B2-4057-9692-EFC5ACE59AD9}.Debug|Any CPU.ActiveCfg = Debug|Any CPU
		{1B535162-62B2-4057-9692-EFC5ACE59AD9}.Debug|Any CPU.Build.0 = Debug|Any CPU
		{1B535162-62B2-4057-9692-EFC5ACE59AD9}.Release|Any CPU.ActiveCfg = Release|Any CPU
		{1B535162-62B2-4057-9692-EFC5ACE59AD9}.Release|Any CPU.Build.0 = Release|Any CPU
		{9EF7BF86-3AD3-41F7-8412-F7660C952808}.Debug|Any CPU.ActiveCfg = Debug|Any CPU
		{9EF7BF86-3AD3-41F7-8412-F7660C952808}.Debug|Any CPU.Build.0 = Debug|Any CPU
		{9EF7BF86-3AD3-41F7-8412-F7660C952808}.Release|Any CPU.ActiveCfg = Release|Any CPU
		{9EF7BF86-3AD3-41F7-8412-F7660C952808}.Release|Any CPU.Build.0 = Release|Any CPU
		{F78B7700-7F50-4F21-ABBC-AEBCC1954C4E}.Debug|Any CPU.ActiveCfg = Debug|Any CPU
		{F78B7700-7F50-4F21-ABBC-AEBCC1954C4E}.Debug|Any CPU.Build.0 = Debug|Any CPU
		{F78B7700-7F50-4F21-ABBC-AEBCC1954C4E}.Release|Any CPU.ActiveCfg = Release|Any CPU
		{F78B7700-7F50-4F21-ABBC-AEBCC1954C4E}.Release|Any CPU.Build.0 = Release|Any CPU
		{641CC82C-467F-4277-B9D4-10F133F913E9}.Debug|Any CPU.ActiveCfg = Debug|Any CPU
		{641CC82C-467F-4277-B9D4-10F133F913E9}.Debug|Any CPU.Build.0 = Debug|Any CPU
		{641CC82C-467F-4277-B9D4-10F133F913E9}.Release|Any CPU.ActiveCfg = Release|Any CPU
		{641CC82C-467F-4277-B9D4-10F133F913E9}.Release|Any CPU.Build.0 = Release|Any CPU
		{CD592641-8B9D-4191-A61E-2E4404BCAA8C}.Debug|Any CPU.ActiveCfg = Debug|Any CPU
		{CD592641-8B9D-4191-A61E-2E4404BCAA8C}.Debug|Any CPU.Build.0 = Debug|Any CPU
		{CD592641-8B9D-4191-A61E-2E4404BCAA8C}.Release|Any CPU.ActiveCfg = Release|Any CPU
		{CD592641-8B9D-4191-A61E-2E4404BCAA8C}.Release|Any CPU.Build.0 = Release|Any CPU
		{1CB1C74E-0EFA-465C-8E3C-DDB7C1EB6A24}.Debug|Any CPU.ActiveCfg = Debug|Any CPU
		{1CB1C74E-0EFA-465C-8E3C-DDB7C1EB6A24}.Debug|Any CPU.Build.0 = Debug|Any CPU
		{1CB1C74E-0EFA-465C-8E3C-DDB7C1EB6A24}.Release|Any CPU.ActiveCfg = Release|Any CPU
		{1CB1C74E-0EFA-465C-8E3C-DDB7C1EB6A24}.Release|Any CPU.Build.0 = Release|Any CPU
		{C8F6D56D-D169-4A73-8B26-278939C85793}.Debug|Any CPU.ActiveCfg = Debug|Any CPU
		{C8F6D56D-D169-4A73-8B26-278939C85793}.Debug|Any CPU.Build.0 = Debug|Any CPU
		{C8F6D56D-D169-4A73-8B26-278939C85793}.Release|Any CPU.ActiveCfg = Release|Any CPU
		{C8F6D56D-D169-4A73-8B26-278939C85793}.Release|Any CPU.Build.0 = Release|Any CPU
		{9FC1A5E8-81A5-4392-BBA2-BC0B4C38D108}.Debug|Any CPU.ActiveCfg = Debug|Any CPU
		{9FC1A5E8-81A5-4392-BBA2-BC0B4C38D108}.Debug|Any CPU.Build.0 = Debug|Any CPU
		{9FC1A5E8-81A5-4392-BBA2-BC0B4C38D108}.Release|Any CPU.ActiveCfg = Release|Any CPU
		{9FC1A5E8-81A5-4392-BBA2-BC0B4C38D108}.Release|Any CPU.Build.0 = Release|Any CPU
	EndGlobalSection
	GlobalSection(SolutionProperties) = preSolution
		HideSolutionNode = FALSE
	EndGlobalSection
	GlobalSection(ExtensibilityGlobals) = postSolution
		SolutionGuid = {D5FF7D33-115B-48D0-8BE5-2E478F5E267E}
	EndGlobalSection
EndGlobal
